
Microsoft Visual Studio Solution File, Format Version 12.00
# Visual Studio Version 16
VisualStudioVersion = 16.0.30011.22
MinimumVisualStudioVersion = 10.0.40219.1
Project("{9A19103F-16F7-4668-BE54-9A1E7A4F7556}") = "MLOps.NET", "src\MLOps.NET\MLOps.NET.csproj", "{AEA62265-4EB6-4411-88A1-110C32D3C0D3}"
EndProject
Project("{9A19103F-16F7-4668-BE54-9A1E7A4F7556}") = "MLOps.NET.Azure", "src\MLOps.NET.Azure\MLOps.NET.Azure.csproj", "{C2E3929C-AD77-48A9-AA0F-C4AE12B0A3DB}"
EndProject
Project("{9A19103F-16F7-4668-BE54-9A1E7A4F7556}") = "MLOps.NET.SQLite", "src\MLOps.NET.SQLite\MLOps.NET.SQLite.csproj", "{C126F307-2D50-46AD-A1EA-4F9BFD224E60}"
EndProject
Project("{9A19103F-16F7-4668-BE54-9A1E7A4F7556}") = "MLOps.NET.SQLite.IntegrationTests", "test\MLOps.NET.SQLite.IntegrationTests\MLOps.NET.SQLite.IntegrationTests.csproj", "{EEB4721E-0381-440C-84AA-88A94537D75F}"
EndProject
Project("{9A19103F-16F7-4668-BE54-9A1E7A4F7556}") = "MLOps.NET.Tests", "test\MLOps.NET.Tests\MLOps.NET.Tests.csproj", "{A3BA43F4-846D-4E88-92D7-5DD28D2904AB}"
EndProject
Project("{9A19103F-16F7-4668-BE54-9A1E7A4F7556}") = "MLOps.NET.SQLite.Tests", "test\MLOps.NET.SQLite.Tests\MLOps.NET.SQLite.Tests.csproj", "{E814C1C1-36E0-4C5A-88E5-EC3D416729CF}"
EndProject
Project("{9A19103F-16F7-4668-BE54-9A1E7A4F7556}") = "MLOps.NET.Azure.Tests", "test\MLOps.NET.Azure.Tests\MLOps.NET.Azure.Tests.csproj", "{5B41851D-96B4-41B4-A4F9-4A0F5C36111B}"
EndProject
Project("{2150E333-8FDC-42A3-9474-1A3956D46DE8}") = "Tests", "Tests", "{D826364F-D0C6-4FB9-A4D1-837372F6367C}"
EndProject
Project("{2150E333-8FDC-42A3-9474-1A3956D46DE8}") = "Source", "Source", "{BFA1E5BE-95E8-4A9B-BE55-8EFA8F8488F1}"
EndProject
Project("{9A19103F-16F7-4668-BE54-9A1E7A4F7556}") = "MLOps.NET.IntegrationTests", "test\MLOps.NET.IntegrationTests\MLOps.NET.IntegrationTests.csproj", "{6C3F1C4A-220A-4F8E-AFBE-57AF9CEF8810}"
EndProject
Project("{9A19103F-16F7-4668-BE54-9A1E7A4F7556}") = "MLOps.NET.SQLServer", "src\MLOps.NET.SQLServer\MLOps.NET.SQLServer.csproj", "{755E2247-0EF5-4739-B2B3-8BD8D93B6991}"
EndProject
Project("{9A19103F-16F7-4668-BE54-9A1E7A4F7556}") = "MLOps.NET.SQLServer.IntegrationTests", "test\MLOps.NET.SQLServer.IntegrationTests\MLOps.NET.SQLServer.IntegrationTests.csproj", "{A1369DA3-A7D4-45CF-A404-538FBAFED7C6}"
EndProject
Project("{9A19103F-16F7-4668-BE54-9A1E7A4F7556}") = "MLOps.NET.Azure.IntegrationTests", "test\MLOps.NET.Azure.IntegrationTests\MLOps.NET.Azure.IntegrationTests.csproj", "{72D19911-4E6A-4B38-B20A-343C739C260C}"
EndProject
Project("{9A19103F-16F7-4668-BE54-9A1E7A4F7556}") = "MLOps.NET.Tests.Common", "test\MLOps.NET.Tests.Common\MLOps.NET.Tests.Common.csproj", "{A98E0B2A-A2AC-44EC-ABD9-AAF8867DEEBB}"
EndProject
Project("{9A19103F-16F7-4668-BE54-9A1E7A4F7556}") = "MLOps.NET.AWS", "src\MLOps.NET.AWS\MLOps.NET.AWS.csproj", "{F8403022-3BE3-4491-A0E7-4E8EE0338957}"
EndProject
Project("{9A19103F-16F7-4668-BE54-9A1E7A4F7556}") = "MLOps.NET.AWS.Tests", "test\MLOps.NET.AWS.Tests\MLOps.NET.AWS.Tests.csproj", "{8EF5AE0B-17DC-4909-8298-31AC27377184}"
EndProject
Project("{9A19103F-16F7-4668-BE54-9A1E7A4F7556}") = "MLOps.NET.AWS.IntegrationTests", "test\MLOps.NET.AWS.IntegrationTests\MLOps.NET.AWS.IntegrationTests.csproj", "{A45E6A71-DF5B-49DB-B78C-864740A81D6F}"
EndProject
Project("{9A19103F-16F7-4668-BE54-9A1E7A4F7556}") = "MLOps.NET.Templates", "src\MLOps.NET.Templates\MLOps.NET.Templates.csproj", "{47937BAB-B8A1-42DB-A7BC-483022851135}"
EndProject
Global
	GlobalSection(SolutionConfigurationPlatforms) = preSolution
		Debug|Any CPU = Debug|Any CPU
		Release|Any CPU = Release|Any CPU
	EndGlobalSection
	GlobalSection(ProjectConfigurationPlatforms) = postSolution
		{AEA62265-4EB6-4411-88A1-110C32D3C0D3}.Debug|Any CPU.ActiveCfg = Debug|Any CPU
		{AEA62265-4EB6-4411-88A1-110C32D3C0D3}.Debug|Any CPU.Build.0 = Debug|Any CPU
		{AEA62265-4EB6-4411-88A1-110C32D3C0D3}.Release|Any CPU.ActiveCfg = Release|Any CPU
		{AEA62265-4EB6-4411-88A1-110C32D3C0D3}.Release|Any CPU.Build.0 = Release|Any CPU
		{C2E3929C-AD77-48A9-AA0F-C4AE12B0A3DB}.Debug|Any CPU.ActiveCfg = Debug|Any CPU
		{C2E3929C-AD77-48A9-AA0F-C4AE12B0A3DB}.Debug|Any CPU.Build.0 = Debug|Any CPU
		{C2E3929C-AD77-48A9-AA0F-C4AE12B0A3DB}.Release|Any CPU.ActiveCfg = Release|Any CPU
		{C2E3929C-AD77-48A9-AA0F-C4AE12B0A3DB}.Release|Any CPU.Build.0 = Release|Any CPU
		{C126F307-2D50-46AD-A1EA-4F9BFD224E60}.Debug|Any CPU.ActiveCfg = Debug|Any CPU
		{C126F307-2D50-46AD-A1EA-4F9BFD224E60}.Debug|Any CPU.Build.0 = Debug|Any CPU
		{C126F307-2D50-46AD-A1EA-4F9BFD224E60}.Release|Any CPU.ActiveCfg = Release|Any CPU
		{C126F307-2D50-46AD-A1EA-4F9BFD224E60}.Release|Any CPU.Build.0 = Release|Any CPU
		{EEB4721E-0381-440C-84AA-88A94537D75F}.Debug|Any CPU.ActiveCfg = Debug|Any CPU
		{EEB4721E-0381-440C-84AA-88A94537D75F}.Debug|Any CPU.Build.0 = Debug|Any CPU
		{EEB4721E-0381-440C-84AA-88A94537D75F}.Release|Any CPU.ActiveCfg = Release|Any CPU
		{EEB4721E-0381-440C-84AA-88A94537D75F}.Release|Any CPU.Build.0 = Release|Any CPU
		{A3BA43F4-846D-4E88-92D7-5DD28D2904AB}.Debug|Any CPU.ActiveCfg = Debug|Any CPU
		{A3BA43F4-846D-4E88-92D7-5DD28D2904AB}.Debug|Any CPU.Build.0 = Debug|Any CPU
		{A3BA43F4-846D-4E88-92D7-5DD28D2904AB}.Release|Any CPU.ActiveCfg = Release|Any CPU
		{A3BA43F4-846D-4E88-92D7-5DD28D2904AB}.Release|Any CPU.Build.0 = Release|Any CPU
		{E814C1C1-36E0-4C5A-88E5-EC3D416729CF}.Debug|Any CPU.ActiveCfg = Debug|Any CPU
		{E814C1C1-36E0-4C5A-88E5-EC3D416729CF}.Debug|Any CPU.Build.0 = Debug|Any CPU
		{E814C1C1-36E0-4C5A-88E5-EC3D416729CF}.Release|Any CPU.ActiveCfg = Release|Any CPU
		{E814C1C1-36E0-4C5A-88E5-EC3D416729CF}.Release|Any CPU.Build.0 = Release|Any CPU
		{5B41851D-96B4-41B4-A4F9-4A0F5C36111B}.Debug|Any CPU.ActiveCfg = Debug|Any CPU
		{5B41851D-96B4-41B4-A4F9-4A0F5C36111B}.Debug|Any CPU.Build.0 = Debug|Any CPU
		{5B41851D-96B4-41B4-A4F9-4A0F5C36111B}.Release|Any CPU.ActiveCfg = Release|Any CPU
		{5B41851D-96B4-41B4-A4F9-4A0F5C36111B}.Release|Any CPU.Build.0 = Release|Any CPU
		{6C3F1C4A-220A-4F8E-AFBE-57AF9CEF8810}.Debug|Any CPU.ActiveCfg = Debug|Any CPU
		{6C3F1C4A-220A-4F8E-AFBE-57AF9CEF8810}.Debug|Any CPU.Build.0 = Debug|Any CPU
		{6C3F1C4A-220A-4F8E-AFBE-57AF9CEF8810}.Release|Any CPU.ActiveCfg = Release|Any CPU
		{6C3F1C4A-220A-4F8E-AFBE-57AF9CEF8810}.Release|Any CPU.Build.0 = Release|Any CPU
		{755E2247-0EF5-4739-B2B3-8BD8D93B6991}.Debug|Any CPU.ActiveCfg = Debug|Any CPU
		{755E2247-0EF5-4739-B2B3-8BD8D93B6991}.Debug|Any CPU.Build.0 = Debug|Any CPU
		{755E2247-0EF5-4739-B2B3-8BD8D93B6991}.Release|Any CPU.ActiveCfg = Release|Any CPU
		{755E2247-0EF5-4739-B2B3-8BD8D93B6991}.Release|Any CPU.Build.0 = Release|Any CPU
		{A1369DA3-A7D4-45CF-A404-538FBAFED7C6}.Debug|Any CPU.ActiveCfg = Debug|Any CPU
		{A1369DA3-A7D4-45CF-A404-538FBAFED7C6}.Debug|Any CPU.Build.0 = Debug|Any CPU
		{A1369DA3-A7D4-45CF-A404-538FBAFED7C6}.Release|Any CPU.ActiveCfg = Release|Any CPU
		{A1369DA3-A7D4-45CF-A404-538FBAFED7C6}.Release|Any CPU.Build.0 = Release|Any CPU
		{72D19911-4E6A-4B38-B20A-343C739C260C}.Debug|Any CPU.ActiveCfg = Debug|Any CPU
		{72D19911-4E6A-4B38-B20A-343C739C260C}.Debug|Any CPU.Build.0 = Debug|Any CPU
		{72D19911-4E6A-4B38-B20A-343C739C260C}.Release|Any CPU.ActiveCfg = Release|Any CPU
		{72D19911-4E6A-4B38-B20A-343C739C260C}.Release|Any CPU.Build.0 = Release|Any CPU
		{A98E0B2A-A2AC-44EC-ABD9-AAF8867DEEBB}.Debug|Any CPU.ActiveCfg = Debug|Any CPU
		{A98E0B2A-A2AC-44EC-ABD9-AAF8867DEEBB}.Debug|Any CPU.Build.0 = Debug|Any CPU
		{A98E0B2A-A2AC-44EC-ABD9-AAF8867DEEBB}.Release|Any CPU.ActiveCfg = Release|Any CPU
		{A98E0B2A-A2AC-44EC-ABD9-AAF8867DEEBB}.Release|Any CPU.Build.0 = Release|Any CPU
		{F8403022-3BE3-4491-A0E7-4E8EE0338957}.Debug|Any CPU.ActiveCfg = Debug|Any CPU
		{F8403022-3BE3-4491-A0E7-4E8EE0338957}.Debug|Any CPU.Build.0 = Debug|Any CPU
		{F8403022-3BE3-4491-A0E7-4E8EE0338957}.Release|Any CPU.ActiveCfg = Release|Any CPU
		{F8403022-3BE3-4491-A0E7-4E8EE0338957}.Release|Any CPU.Build.0 = Release|Any CPU
		{8EF5AE0B-17DC-4909-8298-31AC27377184}.Debug|Any CPU.ActiveCfg = Debug|Any CPU
		{8EF5AE0B-17DC-4909-8298-31AC27377184}.Debug|Any CPU.Build.0 = Debug|Any CPU
		{8EF5AE0B-17DC-4909-8298-31AC27377184}.Release|Any CPU.ActiveCfg = Release|Any CPU
		{8EF5AE0B-17DC-4909-8298-31AC27377184}.Release|Any CPU.Build.0 = Release|Any CPU
		{A45E6A71-DF5B-49DB-B78C-864740A81D6F}.Debug|Any CPU.ActiveCfg = Debug|Any CPU
		{A45E6A71-DF5B-49DB-B78C-864740A81D6F}.Debug|Any CPU.Build.0 = Debug|Any CPU
		{A45E6A71-DF5B-49DB-B78C-864740A81D6F}.Release|Any CPU.ActiveCfg = Release|Any CPU
		{A45E6A71-DF5B-49DB-B78C-864740A81D6F}.Release|Any CPU.Build.0 = Release|Any CPU
		{47937BAB-B8A1-42DB-A7BC-483022851135}.Debug|Any CPU.ActiveCfg = Debug|Any CPU
		{47937BAB-B8A1-42DB-A7BC-483022851135}.Debug|Any CPU.Build.0 = Debug|Any CPU
		{47937BAB-B8A1-42DB-A7BC-483022851135}.Release|Any CPU.ActiveCfg = Release|Any CPU
		{47937BAB-B8A1-42DB-A7BC-483022851135}.Release|Any CPU.Build.0 = Release|Any CPU
	EndGlobalSection
	GlobalSection(SolutionProperties) = preSolution
		HideSolutionNode = FALSE
	EndGlobalSection
	GlobalSection(NestedProjects) = preSolution
		{AEA62265-4EB6-4411-88A1-110C32D3C0D3} = {BFA1E5BE-95E8-4A9B-BE55-8EFA8F8488F1}
		{C2E3929C-AD77-48A9-AA0F-C4AE12B0A3DB} = {BFA1E5BE-95E8-4A9B-BE55-8EFA8F8488F1}
		{C126F307-2D50-46AD-A1EA-4F9BFD224E60} = {BFA1E5BE-95E8-4A9B-BE55-8EFA8F8488F1}
		{EEB4721E-0381-440C-84AA-88A94537D75F} = {D826364F-D0C6-4FB9-A4D1-837372F6367C}
		{A3BA43F4-846D-4E88-92D7-5DD28D2904AB} = {D826364F-D0C6-4FB9-A4D1-837372F6367C}
		{E814C1C1-36E0-4C5A-88E5-EC3D416729CF} = {D826364F-D0C6-4FB9-A4D1-837372F6367C}
		{5B41851D-96B4-41B4-A4F9-4A0F5C36111B} = {D826364F-D0C6-4FB9-A4D1-837372F6367C}
		{6C3F1C4A-220A-4F8E-AFBE-57AF9CEF8810} = {D826364F-D0C6-4FB9-A4D1-837372F6367C}
		{755E2247-0EF5-4739-B2B3-8BD8D93B6991} = {BFA1E5BE-95E8-4A9B-BE55-8EFA8F8488F1}
		{A1369DA3-A7D4-45CF-A404-538FBAFED7C6} = {D826364F-D0C6-4FB9-A4D1-837372F6367C}
		{72D19911-4E6A-4B38-B20A-343C739C260C} = {D826364F-D0C6-4FB9-A4D1-837372F6367C}
		{A98E0B2A-A2AC-44EC-ABD9-AAF8867DEEBB} = {D826364F-D0C6-4FB9-A4D1-837372F6367C}
		{F8403022-3BE3-4491-A0E7-4E8EE0338957} = {BFA1E5BE-95E8-4A9B-BE55-8EFA8F8488F1}
		{8EF5AE0B-17DC-4909-8298-31AC27377184} = {D826364F-D0C6-4FB9-A4D1-837372F6367C}
		{A45E6A71-DF5B-49DB-B78C-864740A81D6F} = {D826364F-D0C6-4FB9-A4D1-837372F6367C}
		{47937BAB-B8A1-42DB-A7BC-483022851135} = {BFA1E5BE-95E8-4A9B-BE55-8EFA8F8488F1}
	EndGlobalSection
	GlobalSection(ExtensibilityGlobals) = postSolution
		SolutionGuid = {44F93107-BB01-4A51-BBCB-A475BE891E6A}
	EndGlobalSection
EndGlobal
