
Microsoft Visual Studio Solution File, Format Version 12.00
# Visual Studio Version 16
VisualStudioVersion = 16.0.30011.22
MinimumVisualStudioVersion = 10.0.40219.1
Project("{9A19103F-16F7-4668-BE54-9A1E7A4F7556}") = "MLOps.NET", "MLOps.NET\MLOps.NET.csproj", "{AEA62265-4EB6-4411-88A1-110C32D3C0D3}"
EndProject
Project("{9A19103F-16F7-4668-BE54-9A1E7A4F7556}") = "MLOps.NET.Azure", "MLOps.NET.Azure\MLOps.NET.Azure.csproj", "{C2E3929C-AD77-48A9-AA0F-C4AE12B0A3DB}"
EndProject
Project("{FAE04EC0-301F-11D3-BF4B-00C04F79EFBC}") = "MLOps.NET.SQLite", "MLOps.NET.SQLite\MLOps.NET.SQLite.csproj", "{C126F307-2D50-46AD-A1EA-4F9BFD224E60}"
EndProject
Global
	GlobalSection(SolutionConfigurationPlatforms) = preSolution
		Debug|Any CPU = Debug|Any CPU
		Release|Any CPU = Release|Any CPU
	EndGlobalSection
	GlobalSection(ProjectConfigurationPlatforms) = postSolution
		{AEA62265-4EB6-4411-88A1-110C32D3C0D3}.Debug|Any CPU.ActiveCfg = Debug|Any CPU
		{AEA62265-4EB6-4411-88A1-110C32D3C0D3}.Debug|Any CPU.Build.0 = Debug|Any CPU
		{AEA62265-4EB6-4411-88A1-110C32D3C0D3}.Release|Any CPU.ActiveCfg = Release|Any CPU
		{AEA62265-4EB6-4411-88A1-110C32D3C0D3}.Release|Any CPU.Build.0 = Release|Any CPU
		{C2E3929C-AD77-48A9-AA0F-C4AE12B0A3DB}.Debug|Any CPU.ActiveCfg = Debug|Any CPU
		{C2E3929C-AD77-48A9-AA0F-C4AE12B0A3DB}.Debug|Any CPU.Build.0 = Debug|Any CPU
		{C2E3929C-AD77-48A9-AA0F-C4AE12B0A3DB}.Release|Any CPU.ActiveCfg = Release|Any CPU
		{C2E3929C-AD77-48A9-AA0F-C4AE12B0A3DB}.Release|Any CPU.Build.0 = Release|Any CPU
		{C126F307-2D50-46AD-A1EA-4F9BFD224E60}.Debug|Any CPU.ActiveCfg = Debug|Any CPU
		{C126F307-2D50-46AD-A1EA-4F9BFD224E60}.Debug|Any CPU.Build.0 = Debug|Any CPU
		{C126F307-2D50-46AD-A1EA-4F9BFD224E60}.Release|Any CPU.ActiveCfg = Release|Any CPU
		{C126F307-2D50-46AD-A1EA-4F9BFD224E60}.Release|Any CPU.Build.0 = Release|Any CPU
	EndGlobalSection
	GlobalSection(SolutionProperties) = preSolution
		HideSolutionNode = FALSE
	EndGlobalSection
	GlobalSection(ExtensibilityGlobals) = postSolution
		SolutionGuid = {44F93107-BB01-4A51-BBCB-A475BE891E6A}
	EndGlobalSection
EndGlobal
